{
  "name": "muse-bot-cli",
  "version": "0.1.0",
  "lockfileVersion": 3,
  "requires": true,
  "packages": {
    "": {
      "name": "muse-bot-cli",
      "version": "0.1.0",
      "hasInstallScript": true,
      "license": "UNLICENSED",
      "os": [
        "darwin"
      ],
      "bin": {
        "mbot": "src/bin/muse.mjs",
        "muse": "src/bin/muse.mjs"
      },
      "engines": {
        "node": ">=22.0.0"
      }
    }
  }
}
