{
  "name": "muse-bot-cli",
  "version": "0.1.1",
  "lockfileVersion": 3,
  "requires": true,
  "packages": {
    "": {
      "name": "muse-bot-cli",
      "version": "0.1.1",
      "hasInstallScript": true,
      "license": "MIT",
      "os": [
        "darwin"
      ],
      "bin": {
        "mbot": "src/bin/mbot.mjs"
      },
      "engines": {
        "node": ">=22.0.0"
      }
    }
  }
}
